
Microsoft Visual Studio Solution File, Format Version 12.00
# Visual Studio Version 16
VisualStudioVersion = 16.0.30225.117
MinimumVisualStudioVersion = 10.0.40219.1
Project("{FAE04EC0-301F-11D3-BF4B-00C04F79EFBC}") = "BooksWagonAzure", "BooksWagonAzure\BooksWagonAzure.csproj", "{5CCA010A-C118-486B-9A57-1E92213DC4AA}"
EndProject
Global
	GlobalSection(SolutionConfigurationPlatforms) = preSolution
		Debug|Any CPU = Debug|Any CPU
		Release|Any CPU = Release|Any CPU
	EndGlobalSection
	GlobalSection(ProjectConfigurationPlatforms) = postSolution
		{5CCA010A-C118-486B-9A57-1E92213DC4AA}.Debug|Any CPU.ActiveCfg = Debug|Any CPU
		{5CCA010A-C118-486B-9A57-1E92213DC4AA}.Debug|Any CPU.Build.0 = Debug|Any CPU
		{5CCA010A-C118-486B-9A57-1E92213DC4AA}.Release|Any CPU.ActiveCfg = Release|Any CPU
		{5CCA010A-C118-486B-9A57-1E92213DC4AA}.Release|Any CPU.Build.0 = Release|Any CPU
	EndGlobalSection
	GlobalSection(SolutionProperties) = preSolution
		HideSolutionNode = FALSE
	EndGlobalSection
	GlobalSection(ExtensibilityGlobals) = postSolution
		SolutionGuid = {9ADFB720-1A7A-4CDE-93D9-62927B5122F0}
	EndGlobalSection
EndGlobal
